
Microsoft Visual Studio Solution File, Format Version 12.00
# Visual Studio 2012
Project("{FAE04EC0-301F-11D3-BF4B-00C04F79EFBC}") = "BeerApp.Web", "BeerApp.Web\BeerApp.Web.csproj", "{708FD2F3-296F-4E69-BBA2-CF4A1AE5641B}"
EndProject
Project("{FAE04EC0-301F-11D3-BF4B-00C04F79EFBC}") = "BeerApp.Web.Tests", "BeerApp.Web.Tests\BeerApp.Web.Tests.csproj", "{9B366676-A6B3-457F-B570-7F10B781D346}"
EndProject
Global
	GlobalSection(SolutionConfigurationPlatforms) = preSolution
		Debug|Any CPU = Debug|Any CPU
		Release|Any CPU = Release|Any CPU
	EndGlobalSection
	GlobalSection(ProjectConfigurationPlatforms) = postSolution
		{708FD2F3-296F-4E69-BBA2-CF4A1AE5641B}.Debug|Any CPU.ActiveCfg = Debug|Any CPU
		{708FD2F3-296F-4E69-BBA2-CF4A1AE5641B}.Debug|Any CPU.Build.0 = Debug|Any CPU
		{708FD2F3-296F-4E69-BBA2-CF4A1AE5641B}.Release|Any CPU.ActiveCfg = Release|Any CPU
		{708FD2F3-296F-4E69-BBA2-CF4A1AE5641B}.Release|Any CPU.Build.0 = Release|Any CPU
		{9B366676-A6B3-457F-B570-7F10B781D346}.Debug|Any CPU.ActiveCfg = Debug|Any CPU
		{9B366676-A6B3-457F-B570-7F10B781D346}.Debug|Any CPU.Build.0 = Debug|Any CPU
		{9B366676-A6B3-457F-B570-7F10B781D346}.Release|Any CPU.ActiveCfg = Release|Any CPU
		{9B366676-A6B3-457F-B570-7F10B781D346}.Release|Any CPU.Build.0 = Release|Any CPU
	EndGlobalSection
	GlobalSection(SolutionProperties) = preSolution
		HideSolutionNode = FALSE
	EndGlobalSection
EndGlobal
